
Microsoft Visual Studio Solution File, Format Version 12.00
# Visual Studio Version 16
VisualStudioVersion = 16.0.30413.136
MinimumVisualStudioVersion = 10.0.40219.1
Project("{9A19103F-16F7-4668-BE54-9A1E7A4F7556}") = "Design Pattern Program", "Design Pattern Program\Design Pattern Program.csproj", "{A824E9D8-5D5D-4E65-A2D8-43E43F497C34}"
EndProject
Project("{9A19103F-16F7-4668-BE54-9A1E7A4F7556}") = "Chapter_1.1 computer Using OO", "Chapter_1.1 computer Using OO\Chapter_1.1 computer Using OO.csproj", "{6B03F60F-2B09-4B6E-9551-E1CDD4E354B4}"
EndProject
Project("{9A19103F-16F7-4668-BE54-9A1E7A4F7556}") = "Chapter_1.2 computer Using Simple Factory", "Chapter_1.2 computer Using Simple Factory\Chapter_1.2 computer Using Simple Factory.csproj", "{F3670DB7-FC14-46A6-958B-68F25C8990CF}"
EndProject
Project("{FAE04EC0-301F-11D3-BF4B-00C04F79EFBC}") = "Chapter_2.1 Store Cash Register", "Chapter_2.1 Store Cash Register\Chapter_2.1 Store Cash Register.csproj", "{92A93448-4B5E-4BAE-BCE0-CC3BB09DDBB1}"
EndProject
Project("{FAE04EC0-301F-11D3-BF4B-00C04F79EFBC}") = "Chapter_2.2 Store Cash Register Using Simple Factory", "Chapter_2.2 Store Cash Register Using Simple Factory\Chapter_2.2 Store Cash Register Using Simple Factory.csproj", "{56188E2D-7061-4405-B239-945D69BFF214}"
EndProject
Project("{FAE04EC0-301F-11D3-BF4B-00C04F79EFBC}") = "Chapter_2.3 Store Cash Register Using Strategy", "Chapter_2.3 Store Cash Register Using Strategy\Chapter_2.3 Store Cash Register Using Strategy.csproj", "{136E6C08-90CD-4219-BB2F-E55F96259FF7}"
EndProject
Project("{FAE04EC0-301F-11D3-BF4B-00C04F79EFBC}") = "Chapter_2.4 Store Cash Register Using Strategy and Simple Factory", "Chapter_2.4 Store Cash Register Using Strategy and Simple Factory\Chapter_2.4 Store Cash Register Using Strategy and Simple Factory.csproj", "{D64848ED-DC3F-44A7-AA4D-3843CBDA8A61}"
EndProject
Project("{9A19103F-16F7-4668-BE54-9A1E7A4F7556}") = "Chapter_6.1 Avater", "Chapter_6.1 Avater\Chapter_6.1 Avater.csproj", "{75F5C298-BEEC-454A-8DFD-DC68396D3B4C}"
EndProject
Project("{9A19103F-16F7-4668-BE54-9A1E7A4F7556}") = "Chapter_6.2 Avater Using Open-Close", "Chapter_6.2 Avater Using Open-Close\Chapter_6.2 Avater Using Open-Close.csproj", "{10C27D1C-2F4D-4ED7-A556-9ADE01A27616}"
EndProject
Project("{9A19103F-16F7-4668-BE54-9A1E7A4F7556}") = "Chapter_6.3 Avater Using Decorator", "Chapter_6.3 Avater Using Decorator\Chapter_6.3 Avater Using Decorator.csproj", "{6D3B8FA0-EDC1-4F66-AD65-A673C32AD497}"
EndProject
Project("{9A19103F-16F7-4668-BE54-9A1E7A4F7556}") = "Chapter_7.1 Chase Girl didn't Using Proxy", "Chapter_7.1 Chase Girl didn't Using Proxy\Chapter_7.1 Chase Girl didn't Using Proxy.csproj", "{C536486A-B847-4014-88A9-2BB54B59CCAD}"
EndProject
Project("{9A19103F-16F7-4668-BE54-9A1E7A4F7556}") = "Chapter_7.2 Chase Girl Using Proxy", "Chapter_7.2 Chase Girl Using Proxy\Chapter_7.2 Chase Girl Using Proxy.csproj", "{39C4CF1A-CE0E-4835-9D95-3463D2BD3A44}"
EndProject
Project("{9A19103F-16F7-4668-BE54-9A1E7A4F7556}") = "Chapter_8.1 Factory Method Sample", "Chapter_8.1 Factory Method Sample\Chapter_8.1 Factory Method Sample.csproj", "{C85ABBE8-6D37-40DE-99ED-262AD6DCCBD7}"
EndProject
Project("{FAE04EC0-301F-11D3-BF4B-00C04F79EFBC}") = "Chapter_8.2 Nightingale Factory", "Chapter_8.2 Nightingale Factory\Chapter_8.2 Nightingale Factory.csproj", "{CCE5DBD4-8D7B-458D-92C3-310AEB998988}"
EndProject
Global
	GlobalSection(SolutionConfigurationPlatforms) = preSolution
		Debug|Any CPU = Debug|Any CPU
		Release|Any CPU = Release|Any CPU
	EndGlobalSection
	GlobalSection(ProjectConfigurationPlatforms) = postSolution
		{A824E9D8-5D5D-4E65-A2D8-43E43F497C34}.Debug|Any CPU.ActiveCfg = Debug|Any CPU
		{A824E9D8-5D5D-4E65-A2D8-43E43F497C34}.Debug|Any CPU.Build.0 = Debug|Any CPU
		{A824E9D8-5D5D-4E65-A2D8-43E43F497C34}.Release|Any CPU.ActiveCfg = Release|Any CPU
		{A824E9D8-5D5D-4E65-A2D8-43E43F497C34}.Release|Any CPU.Build.0 = Release|Any CPU
		{6B03F60F-2B09-4B6E-9551-E1CDD4E354B4}.Debug|Any CPU.ActiveCfg = Debug|Any CPU
		{6B03F60F-2B09-4B6E-9551-E1CDD4E354B4}.Debug|Any CPU.Build.0 = Debug|Any CPU
		{6B03F60F-2B09-4B6E-9551-E1CDD4E354B4}.Release|Any CPU.ActiveCfg = Release|Any CPU
		{6B03F60F-2B09-4B6E-9551-E1CDD4E354B4}.Release|Any CPU.Build.0 = Release|Any CPU
		{F3670DB7-FC14-46A6-958B-68F25C8990CF}.Debug|Any CPU.ActiveCfg = Debug|Any CPU
		{F3670DB7-FC14-46A6-958B-68F25C8990CF}.Debug|Any CPU.Build.0 = Debug|Any CPU
		{F3670DB7-FC14-46A6-958B-68F25C8990CF}.Release|Any CPU.ActiveCfg = Release|Any CPU
		{F3670DB7-FC14-46A6-958B-68F25C8990CF}.Release|Any CPU.Build.0 = Release|Any CPU
		{92A93448-4B5E-4BAE-BCE0-CC3BB09DDBB1}.Debug|Any CPU.ActiveCfg = Debug|Any CPU
		{92A93448-4B5E-4BAE-BCE0-CC3BB09DDBB1}.Debug|Any CPU.Build.0 = Debug|Any CPU
		{92A93448-4B5E-4BAE-BCE0-CC3BB09DDBB1}.Release|Any CPU.ActiveCfg = Release|Any CPU
		{92A93448-4B5E-4BAE-BCE0-CC3BB09DDBB1}.Release|Any CPU.Build.0 = Release|Any CPU
		{56188E2D-7061-4405-B239-945D69BFF214}.Debug|Any CPU.ActiveCfg = Debug|Any CPU
		{56188E2D-7061-4405-B239-945D69BFF214}.Debug|Any CPU.Build.0 = Debug|Any CPU
		{56188E2D-7061-4405-B239-945D69BFF214}.Release|Any CPU.ActiveCfg = Release|Any CPU
		{56188E2D-7061-4405-B239-945D69BFF214}.Release|Any CPU.Build.0 = Release|Any CPU
		{136E6C08-90CD-4219-BB2F-E55F96259FF7}.Debug|Any CPU.ActiveCfg = Debug|Any CPU
		{136E6C08-90CD-4219-BB2F-E55F96259FF7}.Debug|Any CPU.Build.0 = Debug|Any CPU
		{136E6C08-90CD-4219-BB2F-E55F96259FF7}.Release|Any CPU.ActiveCfg = Release|Any CPU
		{136E6C08-90CD-4219-BB2F-E55F96259FF7}.Release|Any CPU.Build.0 = Release|Any CPU
		{D64848ED-DC3F-44A7-AA4D-3843CBDA8A61}.Debug|Any CPU.ActiveCfg = Debug|Any CPU
		{D64848ED-DC3F-44A7-AA4D-3843CBDA8A61}.Debug|Any CPU.Build.0 = Debug|Any CPU
		{D64848ED-DC3F-44A7-AA4D-3843CBDA8A61}.Release|Any CPU.ActiveCfg = Release|Any CPU
		{D64848ED-DC3F-44A7-AA4D-3843CBDA8A61}.Release|Any CPU.Build.0 = Release|Any CPU
		{75F5C298-BEEC-454A-8DFD-DC68396D3B4C}.Debug|Any CPU.ActiveCfg = Debug|Any CPU
		{75F5C298-BEEC-454A-8DFD-DC68396D3B4C}.Debug|Any CPU.Build.0 = Debug|Any CPU
		{75F5C298-BEEC-454A-8DFD-DC68396D3B4C}.Release|Any CPU.ActiveCfg = Release|Any CPU
		{75F5C298-BEEC-454A-8DFD-DC68396D3B4C}.Release|Any CPU.Build.0 = Release|Any CPU
		{10C27D1C-2F4D-4ED7-A556-9ADE01A27616}.Debug|Any CPU.ActiveCfg = Debug|Any CPU
		{10C27D1C-2F4D-4ED7-A556-9ADE01A27616}.Debug|Any CPU.Build.0 = Debug|Any CPU
		{10C27D1C-2F4D-4ED7-A556-9ADE01A27616}.Release|Any CPU.ActiveCfg = Release|Any CPU
		{10C27D1C-2F4D-4ED7-A556-9ADE01A27616}.Release|Any CPU.Build.0 = Release|Any CPU
		{6D3B8FA0-EDC1-4F66-AD65-A673C32AD497}.Debug|Any CPU.ActiveCfg = Debug|Any CPU
		{6D3B8FA0-EDC1-4F66-AD65-A673C32AD497}.Debug|Any CPU.Build.0 = Debug|Any CPU
		{6D3B8FA0-EDC1-4F66-AD65-A673C32AD497}.Release|Any CPU.ActiveCfg = Release|Any CPU
		{6D3B8FA0-EDC1-4F66-AD65-A673C32AD497}.Release|Any CPU.Build.0 = Release|Any CPU
		{C536486A-B847-4014-88A9-2BB54B59CCAD}.Debug|Any CPU.ActiveCfg = Debug|Any CPU
		{C536486A-B847-4014-88A9-2BB54B59CCAD}.Debug|Any CPU.Build.0 = Debug|Any CPU
		{C536486A-B847-4014-88A9-2BB54B59CCAD}.Release|Any CPU.ActiveCfg = Release|Any CPU
		{C536486A-B847-4014-88A9-2BB54B59CCAD}.Release|Any CPU.Build.0 = Release|Any CPU
		{39C4CF1A-CE0E-4835-9D95-3463D2BD3A44}.Debug|Any CPU.ActiveCfg = Debug|Any CPU
		{39C4CF1A-CE0E-4835-9D95-3463D2BD3A44}.Debug|Any CPU.Build.0 = Debug|Any CPU
		{39C4CF1A-CE0E-4835-9D95-3463D2BD3A44}.Release|Any CPU.ActiveCfg = Release|Any CPU
		{39C4CF1A-CE0E-4835-9D95-3463D2BD3A44}.Release|Any CPU.Build.0 = Release|Any CPU
		{C85ABBE8-6D37-40DE-99ED-262AD6DCCBD7}.Debug|Any CPU.ActiveCfg = Debug|Any CPU
		{C85ABBE8-6D37-40DE-99ED-262AD6DCCBD7}.Debug|Any CPU.Build.0 = Debug|Any CPU
		{C85ABBE8-6D37-40DE-99ED-262AD6DCCBD7}.Release|Any CPU.ActiveCfg = Release|Any CPU
		{C85ABBE8-6D37-40DE-99ED-262AD6DCCBD7}.Release|Any CPU.Build.0 = Release|Any CPU
		{CCE5DBD4-8D7B-458D-92C3-310AEB998988}.Debug|Any CPU.ActiveCfg = Debug|Any CPU
		{CCE5DBD4-8D7B-458D-92C3-310AEB998988}.Debug|Any CPU.Build.0 = Debug|Any CPU
		{CCE5DBD4-8D7B-458D-92C3-310AEB998988}.Release|Any CPU.ActiveCfg = Release|Any CPU
		{CCE5DBD4-8D7B-458D-92C3-310AEB998988}.Release|Any CPU.Build.0 = Release|Any CPU
	EndGlobalSection
	GlobalSection(SolutionProperties) = preSolution
		HideSolutionNode = FALSE
	EndGlobalSection
	GlobalSection(ExtensibilityGlobals) = postSolution
		SolutionGuid = {1EBA3CBB-C6D9-4FCC-B559-5FB2890EDBC9}
	EndGlobalSection
EndGlobal
